// !$*UTF8*$!
{
	archiveVersion = 1;
	classes = {
	};
	objectVersion = 52;
	objects = {

/* Begin PBXBuildFile section */
		98C1AF044813B9EA63A14AE4 /* Pods_ApplicationSystem.framework in Frameworks */ = {isa = PBXBuildFile; fileRef = F9675E7F579E2783C256A3A9 /* Pods_ApplicationSystem.framework */; };
		A316D63E24AB1402009D4990 /* Homescreen.swift in Sources */ = {isa = PBXBuildFile; fileRef = A316D63D24AB1402009D4990 /* Homescreen.swift */; };
		A3179B9624AC27D00066FFAF /* SDWebImageSwiftUI in Frameworks */ = {isa = PBXBuildFile; productRef = A3179B9524AC27D00066FFAF /* SDWebImageSwiftUI */; };
		A3179B9E24AC5A070066FFAF /* ApplicationViewModel.swift in Sources */ = {isa = PBXBuildFile; fileRef = A3179B9D24AC5A070066FFAF /* ApplicationViewModel.swift */; };
		A3179BA424AC7D210066FFAF /* ApplicationView.swift in Sources */ = {isa = PBXBuildFile; fileRef = A3179BA324AC7D210066FFAF /* ApplicationView.swift */; };
		A366CEB924A8829F00A9D1C3 /* UserSettingView.swift in Sources */ = {isa = PBXBuildFile; fileRef = A366CEB824A8829F00A9D1C3 /* UserSettingView.swift */; };
		A3753BE624A473820068E8F7 /* AppDelegate.swift in Sources */ = {isa = PBXBuildFile; fileRef = A3753BE524A473820068E8F7 /* AppDelegate.swift */; };
		A3753BE824A473820068E8F7 /* SceneDelegate.swift in Sources */ = {isa = PBXBuildFile; fileRef = A3753BE724A473820068E8F7 /* SceneDelegate.swift */; };
		A3753BEA24A473820068E8F7 /* ContentView.swift in Sources */ = {isa = PBXBuildFile; fileRef = A3753BE924A473820068E8F7 /* ContentView.swift */; };
		A3753BEC24A473830068E8F7 /* Assets.xcassets in Resources */ = {isa = PBXBuildFile; fileRef = A3753BEB24A473830068E8F7 /* Assets.xcassets */; };
		A3753BEF24A473830068E8F7 /* Preview Assets.xcassets in Resources */ = {isa = PBXBuildFile; fileRef = A3753BEE24A473830068E8F7 /* Preview Assets.xcassets */; };
		A3753BF224A473830068E8F7 /* LaunchScreen.storyboard in Resources */ = {isa = PBXBuildFile; fileRef = A3753BF024A473830068E8F7 /* LaunchScreen.storyboard */; };
		A3996C9B24AECDF0007D3648 /* ApplicationRecordView.swift in Sources */ = {isa = PBXBuildFile; fileRef = A3996C9A24AECDF0007D3648 /* ApplicationRecordView.swift */; };
		A3996C9E24AED5C1007D3648 /* Localizable.strings in Resources */ = {isa = PBXBuildFile; fileRef = A3996CA024AED5C1007D3648 /* Localizable.strings */; };
		A3C4BC7124A582A10094BAD6 /* GoogleService-Info.plist in Resources */ = {isa = PBXBuildFile; fileRef = A3C4BC7024A582A10094BAD6 /* GoogleService-Info.plist */; };
		A3D2348024A97CB400A42665 /* ApplicatioSystem.xcdatamodeld in Sources */ = {isa = PBXBuildFile; fileRef = A3D2347E24A97CB400A42665 /* ApplicatioSystem.xcdatamodeld */; };
		A3D2348424A9881600A42665 /* RegisterView.swift in Sources */ = {isa = PBXBuildFile; fileRef = A3D2348324A9881600A42665 /* RegisterView.swift */; };
/* End PBXBuildFile section */

/* Begin PBXFileReference section */
		3F683B539A47DD42F137E0FF /* Pods-ApplicationSystem.debug.xcconfig */ = {isa = PBXFileReference; includeInIndex = 1; lastKnownFileType = text.xcconfig; name = "Pods-ApplicationSystem.debug.xcconfig"; path = "Target Support Files/Pods-ApplicationSystem/Pods-ApplicationSystem.debug.xcconfig"; sourceTree = "<group>"; };
		A316D63B24AAF851009D4990 /* ja */ = {isa = PBXFileReference; lastKnownFileType = text.plist.strings; name = ja; path = ja.lproj/LaunchScreen.strings; sourceTree = "<group>"; };
		A316D63D24AB1402009D4990 /* Homescreen.swift */ = {isa = PBXFileReference; lastKnownFileType = sourcecode.swift; path = Homescreen.swift; sourceTree = "<group>"; };
		A3179B9D24AC5A070066FFAF /* ApplicationViewModel.swift */ = {isa = PBXFileReference; lastKnownFileType = sourcecode.swift; path = ApplicationViewModel.swift; sourceTree = "<group>"; };
		A3179BA324AC7D210066FFAF /* ApplicationView.swift */ = {isa = PBXFileReference; lastKnownFileType = sourcecode.swift; path = ApplicationView.swift; sourceTree = "<group>"; };
		A366CEB824A8829F00A9D1C3 /* UserSettingView.swift */ = {isa = PBXFileReference; lastKnownFileType = sourcecode.swift; path = UserSettingView.swift; sourceTree = "<group>"; };
		A3753BE224A473820068E8F7 /* ApplicationSystem.app */ = {isa = PBXFileReference; explicitFileType = wrapper.application; includeInIndex = 0; path = ApplicationSystem.app; sourceTree = BUILT_PRODUCTS_DIR; };
		A3753BE524A473820068E8F7 /* AppDelegate.swift */ = {isa = PBXFileReference; lastKnownFileType = sourcecode.swift; path = AppDelegate.swift; sourceTree = "<group>"; };
		A3753BE724A473820068E8F7 /* SceneDelegate.swift */ = {isa = PBXFileReference; lastKnownFileType = sourcecode.swift; path = SceneDelegate.swift; sourceTree = "<group>"; };
		A3753BE924A473820068E8F7 /* ContentView.swift */ = {isa = PBXFileReference; lastKnownFileType = sourcecode.swift; path = ContentView.swift; sourceTree = "<group>"; };
		A3753BEB24A473830068E8F7 /* Assets.xcassets */ = {isa = PBXFileReference; lastKnownFileType = folder.assetcatalog; path = Assets.xcassets; sourceTree = "<group>"; };
		A3753BEE24A473830068E8F7 /* Preview Assets.xcassets */ = {isa = PBXFileReference; lastKnownFileType = folder.assetcatalog; path = "Preview Assets.xcassets"; sourceTree = "<group>"; };
		A3753BF124A473830068E8F7 /* Base */ = {isa = PBXFileReference; lastKnownFileType = file.storyboard; name = Base; path = Base.lproj/LaunchScreen.storyboard; sourceTree = "<group>"; };
		A3753BF324A473830068E8F7 /* Info.plist */ = {isa = PBXFileReference; lastKnownFileType = text.plist.xml; path = Info.plist; sourceTree = "<group>"; };
		A3996C9A24AECDF0007D3648 /* ApplicationRecordView.swift */ = {isa = PBXFileReference; lastKnownFileType = sourcecode.swift; path = ApplicationRecordView.swift; sourceTree = "<group>"; };
		A3996C9F24AED5C1007D3648 /* ja */ = {isa = PBXFileReference; lastKnownFileType = text.plist.strings; name = ja; path = ja.lproj/Localizable.strings; sourceTree = "<group>"; };
		A3C4BC7024A582A10094BAD6 /* GoogleService-Info.plist */ = {isa = PBXFileReference; fileEncoding = 4; lastKnownFileType = text.plist.xml; path = "GoogleService-Info.plist"; sourceTree = "<group>"; };
		A3D2347F24A97CB400A42665 /* ApplicatioSystem.xcdatamodel */ = {isa = PBXFileReference; lastKnownFileType = wrapper.xcdatamodel; path = ApplicatioSystem.xcdatamodel; sourceTree = "<group>"; };
		A3D2348324A9881600A42665 /* RegisterView.swift */ = {isa = PBXFileReference; lastKnownFileType = sourcecode.swift; path = RegisterView.swift; sourceTree = "<group>"; };
		C15C24FC2FD5C459D4BB97DD /* Pods-ApplicationSystem.release.xcconfig */ = {isa = PBXFileReference; includeInIndex = 1; lastKnownFileType = text.xcconfig; name = "Pods-ApplicationSystem.release.xcconfig"; path = "Target Support Files/Pods-ApplicationSystem/Pods-ApplicationSystem.release.xcconfig"; sourceTree = "<group>"; };
		F9675E7F579E2783C256A3A9 /* Pods_ApplicationSystem.framework */ = {isa = PBXFileReference; explicitFileType = wrapper.framework; includeInIndex = 0; path = Pods_ApplicationSystem.framework; sourceTree = BUILT_PRODUCTS_DIR; };
/* End PBXFileReference section */

/* Begin PBXFrameworksBuildPhase section */
		A3753BDF24A473820068E8F7 /* Frameworks */ = {
			isa = PBXFrameworksBuildPhase;
			buildActionMask = 2147483647;
			files = (
				A3179B9624AC27D00066FFAF /* SDWebImageSwiftUI in Frameworks */,
				98C1AF044813B9EA63A14AE4 /* Pods_ApplicationSystem.framework in Frameworks */,
			);
			runOnlyForDeploymentPostprocessing = 0;
		};
/* End PBXFrameworksBuildPhase section */

/* Begin PBXGroup section */
		98997525CE0189B0723167C3 /* Pods */ = {
			isa = PBXGroup;
			children = (
				3F683B539A47DD42F137E0FF /* Pods-ApplicationSystem.debug.xcconfig */,
				C15C24FC2FD5C459D4BB97DD /* Pods-ApplicationSystem.release.xcconfig */,
			);
			path = Pods;
			sourceTree = "<group>";
		};
		9EFDD9A8C555B9D65BF7F9A6 /* Frameworks */ = {
			isa = PBXGroup;
			children = (
				F9675E7F579E2783C256A3A9 /* Pods_ApplicationSystem.framework */,
			);
			name = Frameworks;
			sourceTree = "<group>";
		};
		A3753BD924A473820068E8F7 = {
			isa = PBXGroup;
			children = (
				A3753BE424A473820068E8F7 /* ApplicationSystem */,
				A3753BE324A473820068E8F7 /* Products */,
				98997525CE0189B0723167C3 /* Pods */,
				9EFDD9A8C555B9D65BF7F9A6 /* Frameworks */,
			);
			sourceTree = "<group>";
		};
		A3753BE324A473820068E8F7 /* Products */ = {
			isa = PBXGroup;
			children = (
				A3753BE224A473820068E8F7 /* ApplicationSystem.app */,
			);
			name = Products;
			sourceTree = "<group>";
		};
		A3753BE424A473820068E8F7 /* ApplicationSystem */ = {
			isa = PBXGroup;
			children = (
				A3753BE524A473820068E8F7 /* AppDelegate.swift */,
				A3753BE724A473820068E8F7 /* SceneDelegate.swift */,
				A3753BE924A473820068E8F7 /* ContentView.swift */,
				A366CEB824A8829F00A9D1C3 /* UserSettingView.swift */,
				A316D63D24AB1402009D4990 /* Homescreen.swift */,
				A3D2348324A9881600A42665 /* RegisterView.swift */,
				A3179BA324AC7D210066FFAF /* ApplicationView.swift */,
				A3179B9D24AC5A070066FFAF /* ApplicationViewModel.swift */,
				A3996C9A24AECDF0007D3648 /* ApplicationRecordView.swift */,
				A3D2347E24A97CB400A42665 /* ApplicatioSystem.xcdatamodeld */,
				A3C4BC7024A582A10094BAD6 /* GoogleService-Info.plist */,
				A3753BEB24A473830068E8F7 /* Assets.xcassets */,
				A3753BF024A473830068E8F7 /* LaunchScreen.storyboard */,
				A3753BF324A473830068E8F7 /* Info.plist */,
				A3753BED24A473830068E8F7 /* Preview Content */,
			);
			path = ApplicationSystem;
			sourceTree = "<group>";
		};
		A3753BED24A473830068E8F7 /* Preview Content */ = {
			isa = PBXGroup;
			children = (
				A3996CA024AED5C1007D3648 /* Localizable.strings */,
				A3753BEE24A473830068E8F7 /* Preview Assets.xcassets */,
			);
			path = "Preview Content";
			sourceTree = "<group>";
		};
/* End PBXGroup section */

/* Begin PBXNativeTarget section */
		A3753BE124A473820068E8F7 /* ApplicationSystem */ = {
			isa = PBXNativeTarget;
			buildConfigurationList = A3753BF624A473830068E8F7 /* Build configuration list for PBXNativeTarget "ApplicationSystem" */;
			buildPhases = (
				2EDB682DFDB6681577564C42 /* [CP] Check Pods Manifest.lock */,
				A3753BDE24A473820068E8F7 /* Sources */,
				A3753BDF24A473820068E8F7 /* Frameworks */,
				A3753BE024A473820068E8F7 /* Resources */,
				1E9F8D228A091CA61D21D730 /* [CP] Embed Pods Frameworks */,
			);
			buildRules = (
			);
			dependencies = (
			);
			name = ApplicationSystem;
			packageProductDependencies = (
				A3179B9524AC27D00066FFAF /* SDWebImageSwiftUI */,
			);
			productName = ApplicationSystem;
			productReference = A3753BE224A473820068E8F7 /* ApplicationSystem.app */;
			productType = "com.apple.product-type.application";
		};
/* End PBXNativeTarget section */

/* Begin PBXProject section */
		A3753BDA24A473820068E8F7 /* Project object */ = {
			isa = PBXProject;
			attributes = {
				LastSwiftUpdateCheck = 1130;
				LastUpgradeCheck = 1130;
				ORGANIZATIONNAME = "松岡奈央";
				TargetAttributes = {
					A3753BE124A473820068E8F7 = {
						CreatedOnToolsVersion = 11.3.1;
					};
				};
			};
			buildConfigurationList = A3753BDD24A473820068E8F7 /* Build configuration list for PBXProject "ApplicationSystem" */;
			compatibilityVersion = "Xcode 9.3";
			developmentRegion = ja;
			hasScannedForEncodings = 0;
			knownRegions = (
				Base,
				ja,
			);
			mainGroup = A3753BD924A473820068E8F7;
			packageReferences = (
				A3179B9424AC27D00066FFAF /* XCRemoteSwiftPackageReference "SDWebImageSwiftUI" */,
			);
			productRefGroup = A3753BE324A473820068E8F7 /* Products */;
			projectDirPath = "";
			projectRoot = "";
			targets = (
				A3753BE124A473820068E8F7 /* ApplicationSystem */,
			);
		};
/* End PBXProject section */

/* Begin PBXResourcesBuildPhase section */
		A3753BE024A473820068E8F7 /* Resources */ = {
			isa = PBXResourcesBuildPhase;
			buildActionMask = 2147483647;
			files = (
				A3996C9E24AED5C1007D3648 /* Localizable.strings in Resources */,
				A3753BF224A473830068E8F7 /* LaunchScreen.storyboard in Resources */,
				A3C4BC7124A582A10094BAD6 /* GoogleService-Info.plist in Resources */,
				A3753BEF24A473830068E8F7 /* Preview Assets.xcassets in Resources */,
				A3753BEC24A473830068E8F7 /* Assets.xcassets in Resources */,
			);
			runOnlyForDeploymentPostprocessing = 0;
		};
/* End PBXResourcesBuildPhase section */

/* Begin PBXShellScriptBuildPhase section */
		1E9F8D228A091CA61D21D730 /* [CP] Embed Pods Frameworks */ = {
			isa = PBXShellScriptBuildPhase;
			buildActionMask = 2147483647;
			files = (
			);
			inputFileListPaths = (
				"${PODS_ROOT}/Target Support Files/Pods-ApplicationSystem/Pods-ApplicationSystem-frameworks-${CONFIGURATION}-input-files.xcfilelist",
			);
			name = "[CP] Embed Pods Frameworks";
			outputFileListPaths = (
				"${PODS_ROOT}/Target Support Files/Pods-ApplicationSystem/Pods-ApplicationSystem-frameworks-${CONFIGURATION}-output-files.xcfilelist",
			);
			runOnlyForDeploymentPostprocessing = 0;
			shellPath = /bin/sh;
			shellScript = "\"${PODS_ROOT}/Target Support Files/Pods-ApplicationSystem/Pods-ApplicationSystem-frameworks.sh\"\n";
			showEnvVarsInLog = 0;
		};
		2EDB682DFDB6681577564C42 /* [CP] Check Pods Manifest.lock */ = {
			isa = PBXShellScriptBuildPhase;
			buildActionMask = 2147483647;
			files = (
			);
			inputFileListPaths = (
			);
			inputPaths = (
				"${PODS_PODFILE_DIR_PATH}/Podfile.lock",
				"${PODS_ROOT}/Manifest.lock",
			);
			name = "[CP] Check Pods Manifest.lock";
			outputFileListPaths = (
			);
			outputPaths = (
				"$(DERIVED_FILE_DIR)/Pods-ApplicationSystem-checkManifestLockResult.txt",
			);
			runOnlyForDeploymentPostprocessing = 0;
			shellPath = /bin/sh;
			shellScript = "diff \"${PODS_PODFILE_DIR_PATH}/Podfile.lock\" \"${PODS_ROOT}/Manifest.lock\" > /dev/null\nif [ $? != 0 ] ; then\n    # print error to STDERR\n    echo \"error: The sandbox is not in sync with the Podfile.lock. Run 'pod install' or update your CocoaPods installation.\" >&2\n    exit 1\nfi\n# This output is used by Xcode 'outputs' to avoid re-running this script phase.\necho \"SUCCESS\" > \"${SCRIPT_OUTPUT_FILE_0}\"\n";
			showEnvVarsInLog = 0;
		};
/* End PBXShellScriptBuildPhase section */

/* Begin PBXSourcesBuildPhase section */
		A3753BDE24A473820068E8F7 /* Sources */ = {
			isa = PBXSourcesBuildPhase;
			buildActionMask = 2147483647;
			files = (
				A3179B9E24AC5A070066FFAF /* ApplicationViewModel.swift in Sources */,
				A3753BE624A473820068E8F7 /* AppDelegate.swift in Sources */,
				A3753BE824A473820068E8F7 /* SceneDelegate.swift in Sources */,
				A366CEB924A8829F00A9D1C3 /* UserSettingView.swift in Sources */,
				A3996C9B24AECDF0007D3648 /* ApplicationRecordView.swift in Sources */,
				A3D2348024A97CB400A42665 /* ApplicatioSystem.xcdatamodeld in Sources */,
				A3D2348424A9881600A42665 /* RegisterView.swift in Sources */,
				A3179BA424AC7D210066FFAF /* ApplicationView.swift in Sources */,
				A3753BEA24A473820068E8F7 /* ContentView.swift in Sources */,
				A316D63E24AB1402009D4990 /* Homescreen.swift in Sources */,
			);
			runOnlyForDeploymentPostprocessing = 0;
		};
/* End PBXSourcesBuildPhase section */

/* Begin PBXVariantGroup section */
		A3753BF024A473830068E8F7 /* LaunchScreen.storyboard */ = {
			isa = PBXVariantGroup;
			children = (
				A3753BF124A473830068E8F7 /* Base */,
				A316D63B24AAF851009D4990 /* ja */,
			);
			name = LaunchScreen.storyboard;
			sourceTree = "<group>";
		};
		A3996CA024AED5C1007D3648 /* Localizable.strings */ = {
			isa = PBXVariantGroup;
			children = (
				A3996C9F24AED5C1007D3648 /* ja */,
			);
			name = Localizable.strings;
			sourceTree = "<group>";
		};
/* End PBXVariantGroup section */

/* Begin XCBuildConfiguration section */
		A3753BF424A473830068E8F7 /* Debug */ = {
			isa = XCBuildConfiguration;
			buildSettings = {
				ALWAYS_SEARCH_USER_PATHS = NO;
				CLANG_ANALYZER_LOCALIZABILITY_NONLOCALIZED = YES;
				CLANG_ANALYZER_NONNULL = YES;
				CLANG_ANALYZER_NUMBER_OBJECT_CONVERSION = YES_AGGRESSIVE;
				CLANG_CXX_LANGUAGE_STANDARD = "gnu++14";
				CLANG_CXX_LIBRARY = "libc++";
				CLANG_ENABLE_MODULES = YES;
				CLANG_ENABLE_OBJC_ARC = YES;
				CLANG_ENABLE_OBJC_WEAK = YES;
				CLANG_WARN_BLOCK_CAPTURE_AUTORELEASING = YES;
				CLANG_WARN_BOOL_CONVERSION = YES;
				CLANG_WARN_COMMA = YES;
				CLANG_WARN_CONSTANT_CONVERSION = YES;
				CLANG_WARN_DEPRECATED_OBJC_IMPLEMENTATIONS = YES;
				CLANG_WARN_DIRECT_OBJC_ISA_USAGE = YES_ERROR;
				CLANG_WARN_DOCUMENTATION_COMMENTS = YES;
				CLANG_WARN_EMPTY_BODY = YES;
				CLANG_WARN_ENUM_CONVERSION = YES;
				CLANG_WARN_INFINITE_RECURSION = YES;
				CLANG_WARN_INT_CONVERSION = YES;
				CLANG_WARN_NON_LITERAL_NULL_CONVERSION = YES;
				CLANG_WARN_OBJC_IMPLICIT_RETAIN_SELF = YES;
				CLANG_WARN_OBJC_LITERAL_CONVERSION = YES;
				CLANG_WARN_OBJC_ROOT_CLASS = YES_ERROR;
				CLANG_WARN_RANGE_LOOP_ANALYSIS = YES;
				CLANG_WARN_STRICT_PROTOTYPES = YES;
				CLANG_WARN_SUSPICIOUS_MOVE = YES;
				CLANG_WARN_UNGUARDED_AVAILABILITY = YES_AGGRESSIVE;
				CLANG_WARN_UNREACHABLE_CODE = YES;
				CLANG_WARN__DUPLICATE_METHOD_MATCH = YES;
				COPY_PHASE_STRIP = NO;
				DEBUG_INFORMATION_FORMAT = dwarf;
				ENABLE_STRICT_OBJC_MSGSEND = YES;
				ENABLE_TESTABILITY = YES;
				GCC_C_LANGUAGE_STANDARD = gnu11;
				GCC_DYNAMIC_NO_PIC = NO;
				GCC_NO_COMMON_BLOCKS = YES;
				GCC_OPTIMIZATION_LEVEL = 0;
				GCC_PREPROCESSOR_DEFINITIONS = (
					"DEBUG=1",
					"$(inherited)",
				);
				GCC_WARN_64_TO_32_BIT_CONVERSION = YES;
				GCC_WARN_ABOUT_RETURN_TYPE = YES_ERROR;
				GCC_WARN_UNDECLARED_SELECTOR = YES;
				GCC_WARN_UNINITIALIZED_AUTOS = YES_AGGRESSIVE;
				GCC_WARN_UNUSED_FUNCTION = YES;
				GCC_WARN_UNUSED_VARIABLE = YES;
				IPHONEOS_DEPLOYMENT_TARGET = 13.2;
				MTL_ENABLE_DEBUG_INFO = INCLUDE_SOURCE;
				MTL_FAST_MATH = YES;
				ONLY_ACTIVE_ARCH = YES;
				SDKROOT = iphoneos;
				SWIFT_ACTIVE_COMPILATION_CONDITIONS = DEBUG;
				SWIFT_OPTIMIZATION_LEVEL = "-Onone";
			};
			name = Debug;
		};
		A3753BF524A473830068E8F7 /* Release */ = {
			isa = XCBuildConfiguration;
			buildSettings = {
				ALWAYS_SEARCH_USER_PATHS = NO;
				CLANG_ANALYZER_LOCALIZABILITY_NONLOCALIZED = YES;
				CLANG_ANALYZER_NONNULL = YES;
				CLANG_ANALYZER_NUMBER_OBJECT_CONVERSION = YES_AGGRESSIVE;
				CLANG_CXX_LANGUAGE_STANDARD = "gnu++14";
				CLANG_CXX_LIBRARY = "libc++";
				CLANG_ENABLE_MODULES = YES;
				CLANG_ENABLE_OBJC_ARC = YES;
				CLANG_ENABLE_OBJC_WEAK = YES;
				CLANG_WARN_BLOCK_CAPTURE_AUTORELEASING = YES;
				CLANG_WARN_BOOL_CONVERSION = YES;
				CLANG_WARN_COMMA = YES;
				CLANG_WARN_CONSTANT_CONVERSION = YES;
				CLANG_WARN_DEPRECATED_OBJC_IMPLEMENTATIONS = YES;
				CLANG_WARN_DIRECT_OBJC_ISA_USAGE = YES_ERROR;
				CLANG_WARN_DOCUMENTATION_COMMENTS = YES;
				CLANG_WARN_EMPTY_BODY = YES;
				CLANG_WARN_ENUM_CONVERSION = YES;
				CLANG_WARN_INFINITE_RECURSION = YES;
				CLANG_WARN_INT_CONVERSION = YES;
				CLANG_WARN_NON_LITERAL_NULL_CONVERSION = YES;
				CLANG_WARN_OBJC_IMPLICIT_RETAIN_SELF = YES;
				CLANG_WARN_OBJC_LITERAL_CONVERSION = YES;
				CLANG_WARN_OBJC_ROOT_CLASS = YES_ERROR;
				CLANG_WARN_RANGE_LOOP_ANALYSIS = YES;
				CLANG_WARN_STRICT_PROTOTYPES = YES;
				CLANG_WARN_SUSPICIOUS_MOVE = YES;
				CLANG_WARN_UNGUARDED_AVAILABILITY = YES_AGGRESSIVE;
				CLANG_WARN_UNREACHABLE_CODE = YES;
				CLANG_WARN__DUPLICATE_METHOD_MATCH = YES;
				COPY_PHASE_STRIP = NO;
				DEBUG_INFORMATION_FORMAT = "dwarf-with-dsym";
				ENABLE_NS_ASSERTIONS = NO;
				ENABLE_STRICT_OBJC_MSGSEND = YES;
				GCC_C_LANGUAGE_STANDARD = gnu11;
				GCC_NO_COMMON_BLOCKS = YES;
				GCC_WARN_64_TO_32_BIT_CONVERSION = YES;
				GCC_WARN_ABOUT_RETURN_TYPE = YES_ERROR;
				GCC_WARN_UNDECLARED_SELECTOR = YES;
				GCC_WARN_UNINITIALIZED_AUTOS = YES_AGGRESSIVE;
				GCC_WARN_UNUSED_FUNCTION = YES;
				GCC_WARN_UNUSED_VARIABLE = YES;
				IPHONEOS_DEPLOYMENT_TARGET = 13.2;
				MTL_ENABLE_DEBUG_INFO = NO;
				MTL_FAST_MATH = YES;
				SDKROOT = iphoneos;
				SWIFT_COMPILATION_MODE = wholemodule;
				SWIFT_OPTIMIZATION_LEVEL = "-O";
				VALIDATE_PRODUCT = YES;
			};
			name = Release;
		};
		A3753BF724A473830068E8F7 /* Debug */ = {
			isa = XCBuildConfiguration;
			baseConfigurationReference = 3F683B539A47DD42F137E0FF /* Pods-ApplicationSystem.debug.xcconfig */;
			buildSettings = {
				ASSETCATALOG_COMPILER_APPICON_NAME = AppIcon;
				CODE_SIGN_STYLE = Automatic;
				DEVELOPMENT_ASSET_PATHS = "\"ApplicationSystem/Preview Content\"";
				ENABLE_PREVIEWS = YES;
				INFOPLIST_FILE = ApplicationSystem/Info.plist;
				LD_RUNPATH_SEARCH_PATHS = (
					"$(inherited)",
					"@executable_path/Frameworks",
				);
				PRODUCT_BUNDLE_IDENTIFIER = com.example.ApplicationSystem;
				PRODUCT_NAME = "$(TARGET_NAME)";
				SWIFT_VERSION = 5.0;
				TARGETED_DEVICE_FAMILY = "1,2";
			};
			name = Debug;
		};
		A3753BF824A473830068E8F7 /* Release */ = {
			isa = XCBuildConfiguration;
			baseConfigurationReference = C15C24FC2FD5C459D4BB97DD /* Pods-ApplicationSystem.release.xcconfig */;
			buildSettings = {
				ASSETCATALOG_COMPILER_APPICON_NAME = AppIcon;
				CODE_SIGN_STYLE = Automatic;
				DEVELOPMENT_ASSET_PATHS = "\"ApplicationSystem/Preview Content\"";
				ENABLE_PREVIEWS = YES;
				INFOPLIST_FILE = ApplicationSystem/Info.plist;
				LD_RUNPATH_SEARCH_PATHS = (
					"$(inherited)",
					"@executable_path/Frameworks",
				);
				PRODUCT_BUNDLE_IDENTIFIER = com.example.ApplicationSystem;
				PRODUCT_NAME = "$(TARGET_NAME)";
				SWIFT_VERSION = 5.0;
				TARGETED_DEVICE_FAMILY = "1,2";
			};
			name = Release;
		};
/* End XCBuildConfiguration section */

/* Begin XCConfigurationList section */
		A3753BDD24A473820068E8F7 /* Build configuration list for PBXProject "ApplicationSystem" */ = {
			isa = XCConfigurationList;
			buildConfigurations = (
				A3753BF424A473830068E8F7 /* Debug */,
				A3753BF524A473830068E8F7 /* Release */,
			);
			defaultConfigurationIsVisible = 0;
			defaultConfigurationName = Release;
		};
		A3753BF624A473830068E8F7 /* Build configuration list for PBXNativeTarget "ApplicationSystem" */ = {
			isa = XCConfigurationList;
			buildConfigurations = (
				A3753BF724A473830068E8F7 /* Debug */,
				A3753BF824A473830068E8F7 /* Release */,
			);
			defaultConfigurationIsVisible = 0;
			defaultConfigurationName = Release;
		};
/* End XCConfigurationList section */

/* Begin XCRemoteSwiftPackageReference section */
		A3179B9424AC27D00066FFAF /* XCRemoteSwiftPackageReference "SDWebImageSwiftUI" */ = {
			isa = XCRemoteSwiftPackageReference;
			repositoryURL = "https://github.com/matsuokanao/SDWebImageSwiftUI.git";
			requirement = {
				kind = upToNextMajorVersion;
				minimumVersion = 1.5.0;
			};
		};
/* End XCRemoteSwiftPackageReference section */

/* Begin XCSwiftPackageProductDependency section */
		A3179B9524AC27D00066FFAF /* SDWebImageSwiftUI */ = {
			isa = XCSwiftPackageProductDependency;
			package = A3179B9424AC27D00066FFAF /* XCRemoteSwiftPackageReference "SDWebImageSwiftUI" */;
			productName = SDWebImageSwiftUI;
		};
/* End XCSwiftPackageProductDependency section */

/* Begin XCVersionGroup section */
		A3D2347E24A97CB400A42665 /* ApplicatioSystem.xcdatamodeld */ = {
			isa = XCVersionGroup;
			children = (
				A3D2347F24A97CB400A42665 /* ApplicatioSystem.xcdatamodel */,
			);
			currentVersion = A3D2347F24A97CB400A42665 /* ApplicatioSystem.xcdatamodel */;
			path = ApplicatioSystem.xcdatamodeld;
			sourceTree = "<group>";
			versionGroupType = wrapper.xcdatamodel;
		};
/* End XCVersionGroup section */
	};
	rootObject = A3753BDA24A473820068E8F7 /* Project object */;
}
